{
  "version": "5",
  "specifiers": {
    "jsr:@std/bytes@^1.0.6": "1.0.6",
    "jsr:@std/internal@^1.0.12": "1.0.12",
    "jsr:@std/path@^1.1.4": "1.1.4",
    "jsr:@std/streams@*": "1.0.17",
    "jsr:@std/streams@^1.0.17": "1.0.17",
    "npm:discord.js@^14.25.1": "14.25.1"
  },
  "jsr": {
    "@std/bytes@1.0.6": {
      "integrity": "f6ac6adbd8ccd99314045f5703e23af0a68d7f7e58364b47d2c7f408aeb5820a"
    },
    "@std/internal@1.0.12": {
      "integrity": "972a634fd5bc34b242024402972cd5143eac68d8dffaca5eaa4dba30ce17b027"
    },
    "@std/path@1.1.4": {
      "integrity": "1d2d43f39efb1b42f0b1882a25486647cb851481862dc7313390b2bb044314b5",
      "dependencies": [
        "jsr:@std/internal"
      ]
    },
    "@std/streams@1.0.17": {
      "integrity": "7859f3d9deed83cf4b41f19223d4a67661b3d3819e9fc117698f493bf5992140",
      "dependencies": [
        "jsr:@std/bytes"
      ]
    }
  },
  "npm": {
    "@discordjs/builders@1.13.1": {
      "integrity": "sha512-cOU0UDHc3lp/5nKByDxkmRiNZBpdp0kx55aarbiAfakfKJHlxv/yFW1zmIqCAmwH5CRlrH9iMFKJMpvW4DPB+w==",
      "dependencies": [
        "@discordjs/formatters",
        "@discordjs/util",
        "@sapphire/shapeshift",
        "discord-api-types",
        "fast-deep-equal",
        "ts-mixer",
        "tslib"
      ]
    },
    "@discordjs/collection@1.5.3": {
      "integrity": "sha512-SVb428OMd3WO1paV3rm6tSjM4wC+Kecaa1EUGX7vc6/fddvw/6lg90z4QtCqm21zvVe92vMMDt9+DkIvjXImQQ=="
    },
    "@discordjs/collection@2.1.1": {
      "integrity": "sha512-LiSusze9Tc7qF03sLCujF5iZp7K+vRNEDBZ86FT9aQAv3vxMLihUvKvpsCWiQ2DJq1tVckopKm1rxomgNUc9hg=="
    },
    "@discordjs/formatters@0.6.2": {
      "integrity": "sha512-y4UPwWhH6vChKRkGdMB4odasUbHOUwy7KL+OVwF86PvT6QVOwElx+TiI1/6kcmcEe+g5YRXJFiXSXUdabqZOvQ==",
      "dependencies": [
        "discord-api-types"
      ]
    },
    "@discordjs/rest@2.6.0": {
      "integrity": "sha512-RDYrhmpB7mTvmCKcpj+pc5k7POKszS4E2O9TYc+U+Y4iaCP+r910QdO43qmpOja8LRr1RJ0b3U+CqVsnPqzf4w==",
      "dependencies": [
        "@discordjs/collection@2.1.1",
        "@discordjs/util",
        "@sapphire/async-queue",
        "@sapphire/snowflake",
        "@vladfrangu/async_event_emitter",
        "discord-api-types",
        "magic-bytes.js",
        "tslib",
        "undici"
      ]
    },
    "@discordjs/util@1.2.0": {
      "integrity": "sha512-3LKP7F2+atl9vJFhaBjn4nOaSWahZ/yWjOvA4e5pnXkt2qyXRCHLxoBQy81GFtLGCq7K9lPm9R517M1U+/90Qg==",
      "dependencies": [
        "discord-api-types"
      ]
    },
    "@discordjs/ws@1.2.3": {
      "integrity": "sha512-wPlQDxEmlDg5IxhJPuxXr3Vy9AjYq5xCvFWGJyD7w7Np8ZGu+Mc+97LCoEc/+AYCo2IDpKioiH0/c/mj5ZR9Uw==",
      "dependencies": [
        "@discordjs/collection@2.1.1",
        "@discordjs/rest",
        "@discordjs/util",
        "@sapphire/async-queue",
        "@types/ws",
        "@vladfrangu/async_event_emitter",
        "discord-api-types",
        "tslib",
        "ws"
      ]
    },
    "@sapphire/async-queue@1.5.5": {
      "integrity": "sha512-cvGzxbba6sav2zZkH8GPf2oGk9yYoD5qrNWdu9fRehifgnFZJMV+nuy2nON2roRO4yQQ+v7MK/Pktl/HgfsUXg=="
    },
    "@sapphire/shapeshift@4.0.0": {
      "integrity": "sha512-d9dUmWVA7MMiKobL3VpLF8P2aeanRTu6ypG2OIaEv/ZHH/SUQ2iHOVyi5wAPjQ+HmnMuL0whK9ez8I/raWbtIg==",
      "dependencies": [
        "fast-deep-equal",
        "lodash"
      ]
    },
    "@sapphire/snowflake@3.5.3": {
      "integrity": "sha512-jjmJywLAFoWeBi1W7994zZyiNWPIiqRRNAmSERxyg93xRGzNYvGjlZ0gR6x0F4gPRi2+0O6S71kOZYyr3cxaIQ=="
    },
    "@types/node@25.3.3": {
      "integrity": "sha512-DpzbrH7wIcBaJibpKo9nnSQL0MTRdnWttGyE5haGwK86xgMOkFLp7vEyfQPGLOJh5wNYiJ3V9PmUMDhV9u8kkQ==",
      "dependencies": [
        "undici-types"
      ]
    },
    "@types/ws@8.18.1": {
      "integrity": "sha512-ThVF6DCVhA8kUGy+aazFQ4kXQ7E1Ty7A3ypFOe0IcJV8O/M511G99AW24irKrW56Wt44yG9+ij8FaqoBGkuBXg==",
      "dependencies": [
        "@types/node"
      ]
    },
    "@vladfrangu/async_event_emitter@2.4.7": {
      "integrity": "sha512-Xfe6rpCTxSxfbswi/W/Pz7zp1WWSNn4A0eW4mLkQUewCrXXtMj31lCg+iQyTkh/CkusZSq9eDflu7tjEDXUY6g=="
    },
    "discord-api-types@0.38.40": {
      "integrity": "sha512-P/His8cotqZgQqrt+hzrocp9L8RhQQz1GkrCnC9TMJ8Uw2q0tg8YyqJyGULxhXn/8kxHETN4IppmOv+P2m82lQ=="
    },
    "discord.js@14.25.1": {
      "integrity": "sha512-2l0gsPOLPs5t6GFZfQZKnL1OJNYFcuC/ETWsW4VtKVD/tg4ICa9x+jb9bkPffkMdRpRpuUaO/fKkHCBeiCKh8g==",
      "dependencies": [
        "@discordjs/builders",
        "@discordjs/collection@1.5.3",
        "@discordjs/formatters",
        "@discordjs/rest",
        "@discordjs/util",
        "@discordjs/ws",
        "@sapphire/snowflake",
        "discord-api-types",
        "fast-deep-equal",
        "lodash.snakecase",
        "magic-bytes.js",
        "tslib",
        "undici"
      ]
    },
    "fast-deep-equal@3.1.3": {
      "integrity": "sha512-f3qQ9oQy9j2AhBe/H9VC91wLmKBCCU/gDOnKNAYG5hswO7BLKj09Hc5HYNz9cGI++xlpDCIgDaitVs03ATR84Q=="
    },
    "lodash.snakecase@4.1.1": {
      "integrity": "sha512-QZ1d4xoBHYUeuouhEq3lk3Uq7ldgyFXGBhg04+oRLnIz8o9T65Eh+8YdroUwn846zchkA9yDsDl5CVVaV2nqYw=="
    },
    "lodash@4.17.23": {
      "integrity": "sha512-LgVTMpQtIopCi79SJeDiP0TfWi5CNEc/L/aRdTh3yIvmZXTnheWpKjSZhnvMl8iXbC1tFg9gdHHDMLoV7CnG+w=="
    },
    "magic-bytes.js@1.13.0": {
      "integrity": "sha512-afO2mnxW7GDTXMm5/AoN1WuOcdoKhtgXjIvHmobqTD1grNplhGdv3PFOyjCVmrnOZBIT/gD/koDKpYG+0mvHcg=="
    },
    "ts-mixer@6.0.4": {
      "integrity": "sha512-ufKpbmrugz5Aou4wcr5Wc1UUFWOLhq+Fm6qa6P0w0K5Qw2yhaUoiWszhCVuNQyNwrlGiscHOmqYoAox1PtvgjA=="
    },
    "tslib@2.8.1": {
      "integrity": "sha512-oJFu94HQb+KVduSUQL7wnpmqnfmLsOA/nAh6b6EH0wCEoK0/mPeXU6c3wKDV83MkOuHPRHtSXKKU99IBazS/2w=="
    },
    "undici-types@7.18.2": {
      "integrity": "sha512-AsuCzffGHJybSaRrmr5eHr81mwJU3kjw6M+uprWvCXiNeN9SOGwQ3Jn8jb8m3Z6izVgknn1R0FTCEAP2QrLY/w=="
    },
    "undici@6.21.3": {
      "integrity": "sha512-gBLkYIlEnSp8pFbT64yFgGE6UIB9tAkhukC23PmMDCe5Nd+cRqKxSjw5y54MK2AZMgZfJWMaNE4nYUHgi1XEOw=="
    },
    "ws@8.19.0": {
      "integrity": "sha512-blAT2mjOEIi0ZzruJfIhb3nps74PRWTCz1IjglWEEpQl5XS/UNama6u2/rjFkDDouqr4L67ry+1aGIALViWjDg=="
    }
  },
  "redirects": {
    "jsr:@std/bytes@^1.0.6/concat": "https://jsr.io/@std/bytes/1.0.6/concat.ts",
    "jsr:@std/bytes@^1.0.6/copy": "https://jsr.io/@std/bytes/1.0.6/copy.ts",
    "jsr:@std/streams": "https://jsr.io/@std/streams/1.0.17/mod.ts"
  },
  "remote": {
    "https://deno.land/std@0.211.0/assert/_constants.ts": "a271e8ef5a573f1df8e822a6eb9d09df064ad66a4390f21b3e31f820a38e0975",
    "https://deno.land/std@0.211.0/assert/_diff.ts": "6a2d68f2c42d73a1e31818a4195f40598d672c7f02ac75c7f1b1e6789852c2bc",
    "https://deno.land/std@0.211.0/assert/_format.ts": "0ba808961bf678437fb486b56405b6fefad2cf87b5809667c781ddee8c32aff4",
    "https://deno.land/std@0.211.0/assert/assert.ts": "bec068b2fccdd434c138a555b19a2c2393b71dfaada02b7d568a01541e67cdc5",
    "https://deno.land/std@0.211.0/assert/assert_almost_equals.ts": "648ea72678296a5ad86d3bbb66904335fa97de3133223f44ca4596b225cdcbef",
    "https://deno.land/std@0.211.0/assert/assert_array_includes.ts": "dbb461c20681807a884ad84d873f9e4daead380859531b1e7f27fa4e8f8bf431",
    "https://deno.land/std@0.211.0/assert/assert_equals.ts": "b3b33ae8a85ae22a0754c61a7486d4ae870e8938830a94f5cacecba3a9b0442a",
    "https://deno.land/std@0.211.0/assert/assert_exists.ts": "24a7bf965e634f909242cd09fbaf38bde6b791128ece08e33ab08586a7cc55c9",
    "https://deno.land/std@0.211.0/assert/assert_false.ts": "6f382568e5128c0f855e5f7dbda8624c1ed9af4fcc33ef4a9afeeedcdce99769",
    "https://deno.land/std@0.211.0/assert/assert_greater.ts": "8dfcf082d2bcffcaab3bd0dab48d41e41c26266529567246de47bd6864936f6d",
    "https://deno.land/std@0.211.0/assert/assert_greater_or_equal.ts": "9e02ef89f32563f539f7e66556930033418728847aefcca4e3806a735b5f122e",
    "https://deno.land/std@0.211.0/assert/assert_instance_of.ts": "72dc1faff1e248692d873c89382fa1579dd7b53b56d52f37f9874a75b11ba444",
    "https://deno.land/std@0.211.0/assert/assert_is_error.ts": "6596f2b5ba89ba2fe9b074f75e9318cda97a2381e59d476812e30077fbdb6ed2",
    "https://deno.land/std@0.211.0/assert/assert_less.ts": "91a6fed705f9c39bbd683b62aa9dfc42547bc886c29f696997e681cafb886b16",
    "https://deno.land/std@0.211.0/assert/assert_less_or_equal.ts": "7a3c2e554eb20aa6af9dd4a410e550bcee9e8a28102d51f5f40cb1b8d141e4e1",
    "https://deno.land/std@0.211.0/assert/assert_match.ts": "ec2d9680ed3e7b9746ec57ec923a17eef6d476202f339ad91d22277d7f1d16e1",
    "https://deno.land/std@0.211.0/assert/assert_not_equals.ts": "cb78bf9a4357d69673c87b634491bc6b840412c8b55efe472af9877ef6f0a29b",
    "https://deno.land/std@0.211.0/assert/assert_not_instance_of.ts": "8f720d92d83775c40b2542a8d76c60c2d4aeddaf8713c8d11df8984af2604931",
    "https://deno.land/std@0.211.0/assert/assert_not_match.ts": "b4b7c77f146963e2b673c1ce4846473703409eb93f5ab0eb60f6e6f8aeffe39f",
    "https://deno.land/std@0.211.0/assert/assert_not_strict_equals.ts": "89ba25e1da5233404ac4c01651c088759b7977c51034eefc6050fe3fc2d10c46",
    "https://deno.land/std@0.211.0/assert/assert_object_match.ts": "e85e5eef62a56ce364c3afdd27978ccab979288a3e772e6855c270a7b118fa49",
    "https://deno.land/std@0.211.0/assert/assert_rejects.ts": "e9e0c8d9c3e164c7ac962c37b3be50577c5a2010db107ed272c4c1afb1269f54",
    "https://deno.land/std@0.211.0/assert/assert_strict_equals.ts": "0425a98f70badccb151644c902384c12771a93e65f8ff610244b8147b03a2366",
    "https://deno.land/std@0.211.0/assert/assert_string_includes.ts": "dfb072a890167146f8e5bdd6fde887ce4657098e9f71f12716ef37f35fb6f4a7",
    "https://deno.land/std@0.211.0/assert/assert_throws.ts": "edddd86b39606c342164b49ad88dd39a26e72a26655e07545d172f164b617fa7",
    "https://deno.land/std@0.211.0/assert/assertion_error.ts": "9f689a101ee586c4ce92f52fa7ddd362e86434ffdf1f848e45987dc7689976b8",
    "https://deno.land/std@0.211.0/assert/equal.ts": "fae5e8a52a11d3ac694bbe1a53e13a7969e3f60791262312e91a3e741ae519e2",
    "https://deno.land/std@0.211.0/assert/fail.ts": "f310e51992bac8e54f5fd8e44d098638434b2edb802383690e0d7a9be1979f1c",
    "https://deno.land/std@0.211.0/assert/mod.ts": "325df8c0683ad83a873b9691aa66b812d6275fc9fec0b2d180ac68a2c5efed3b",
    "https://deno.land/std@0.211.0/assert/unimplemented.ts": "47ca67d1c6dc53abd0bd729b71a31e0825fc452dbcd4fde4ca06789d5644e7fd",
    "https://deno.land/std@0.211.0/assert/unreachable.ts": "38cfecb95d8b06906022d2f9474794fca4161a994f83354fd079cac9032b5145",
    "https://deno.land/std@0.211.0/fmt/colors.ts": "be082d6a6bbb2980ae7b2bf8c23c6bb2811ba90a06a9bcb861344a71784c5a99",
    "https://jsr.io/@std/bytes/1.0.6/concat.ts": "b10dc6291f8afb30f98aefd54002d21c961793c9aa18433301ab49d2a09976f1",
    "https://jsr.io/@std/bytes/1.0.6/copy.ts": "e1c0262d3f0fa02b65cd923099d1f64ede3add3d79ca5b357e592c13aab26fae",
    "https://jsr.io/@std/streams/1.0.17/_common.ts": "4ab352d3dffbf8e127d3b443977cf8613a0d69b37f78b28ac0301af27a9d6aa3",
    "https://jsr.io/@std/streams/1.0.17/buffer.ts": "fc8ec6e390794d6bfe5b58712b5c306263d2f4e39bd5f0713ae420423b859a49",
    "https://jsr.io/@std/streams/1.0.17/byte_slice_stream.ts": "4575ebaebd275d80b51358b1406139f56af7eedb1479853c183b2703cbc3e757",
    "https://jsr.io/@std/streams/1.0.17/concat_readable_streams.ts": "6426be19cdf1d6f03613104e71a594c1e731641b67de9af965bb7902fc71a030",
    "https://jsr.io/@std/streams/1.0.17/delimiter_stream.ts": "6735283dd21d0806698f65bb1ae2a4d6cc21b87f34acee337f24976d65d81894",
    "https://jsr.io/@std/streams/1.0.17/early_zip_readable_streams.ts": "f1079809ff16459571fc16bb6ff14c5e48d50a8434426fddeb3f20a912210937",
    "https://jsr.io/@std/streams/1.0.17/limited_bytes_transform_stream.ts": "80969e7cd47e87524e1eab36cf20b316e4695b07c47885de35396d3b804cc5ad",
    "https://jsr.io/@std/streams/1.0.17/limited_transform_stream.ts": "5d6f42e51f46d7c496c32cfc4c1b5591c28c1a05e4b6c886f0eb8d71777cf181",
    "https://jsr.io/@std/streams/1.0.17/merge_readable_streams.ts": "61ad1613ed4080e2ac01ac10925ffccc13f5f07c6fa283566b21e3a2f2ebd6a0",
    "https://jsr.io/@std/streams/1.0.17/mod.ts": "1f26406359e54b59835fe91abc46ab3eeefcd2248818768ad81c64cff0ee623c",
    "https://jsr.io/@std/streams/1.0.17/text_delimiter_stream.ts": "59dbdce33ec1b537eae85017e18fceb9fef268abec2d531adf4f4fdc500f5cad",
    "https://jsr.io/@std/streams/1.0.17/text_line_stream.ts": "37eba34a2a208a76067a9976ff4a660f95dd8087ca3cfd3611a7d7465163fc5d",
    "https://jsr.io/@std/streams/1.0.17/to_array_buffer.ts": "7a6d44aba3f690f5477296a697d1d38bdb406e9b782d912739ab03833699eb56",
    "https://jsr.io/@std/streams/1.0.17/to_blob.ts": "aa144e5316bfacdcf59b3a23373b9dcf51cf1a0237fe4eebd67f53f75469082f",
    "https://jsr.io/@std/streams/1.0.17/to_json.ts": "72d3b47c8db908edd6961fd41d2edbd860c5a1401179125d39b3a3a053bdc14d",
    "https://jsr.io/@std/streams/1.0.17/to_text.ts": "50e9803b7e66ec498ad84745a6b232386abc978d77a4271b139c4101f0083904",
    "https://jsr.io/@std/streams/1.0.17/to_transform_stream.ts": "ad98513ef2e578bcf68397522a5b7cbe593b81f98f63df80d2583e2b84639aeb",
    "https://jsr.io/@std/streams/1.0.17/zip_readable_streams.ts": "6c45cb2c6812f9c0667696db34f60747006d090a518e4d05e734261d9a2d3d42"
  },
  "workspace": {
    "dependencies": [
      "jsr:@std/path@^1.1.4",
      "jsr:@std/streams@^1.0.17",
      "npm:discord.js@^14.25.1"
    ]
  }
}
